
Microsoft Visual Studio Solution File, Format Version 12.00
Project("{FAE04EC0-301F-11D3-BF4B-00C04F79EFBC}") = "TrainingPro", "TrainingPro.csproj", "{AC8C9403-234F-41E1-8411-829D7ED3DEB4}"
EndProject
Global
	GlobalSection(SolutionConfigurationPlatforms) = preSolution
		Debug|Any CPU = Debug|Any CPU
		Release|Any CPU = Release|Any CPU
	EndGlobalSection
	GlobalSection(ProjectConfigurationPlatforms) = postSolution
		{AC8C9403-234F-41E1-8411-829D7ED3DEB4}.Debug|Any CPU.ActiveCfg = Debug|Any CPU
		{AC8C9403-234F-41E1-8411-829D7ED3DEB4}.Debug|Any CPU.Build.0 = Debug|Any CPU
		{AC8C9403-234F-41E1-8411-829D7ED3DEB4}.Release|Any CPU.ActiveCfg = Release|Any CPU
		{AC8C9403-234F-41E1-8411-829D7ED3DEB4}.Release|Any CPU.Build.0 = Release|Any CPU
	EndGlobalSection
EndGlobal
