
Microsoft Visual Studio Solution File, Format Version 12.00
Project("{FAE04EC0-301F-11D3-BF4B-00C04F79EFBC}") = "ShopOnlineMigration", "ShopOnlineMigration.csproj", "{544571A9-1765-4160-8C4B-CA30F9A19C72}"
EndProject
Global
	GlobalSection(SolutionConfigurationPlatforms) = preSolution
		Debug|Any CPU = Debug|Any CPU
		Release|Any CPU = Release|Any CPU
	EndGlobalSection
	GlobalSection(ProjectConfigurationPlatforms) = postSolution
		{544571A9-1765-4160-8C4B-CA30F9A19C72}.Debug|Any CPU.ActiveCfg = Debug|Any CPU
		{544571A9-1765-4160-8C4B-CA30F9A19C72}.Debug|Any CPU.Build.0 = Debug|Any CPU
		{544571A9-1765-4160-8C4B-CA30F9A19C72}.Release|Any CPU.ActiveCfg = Release|Any CPU
		{544571A9-1765-4160-8C4B-CA30F9A19C72}.Release|Any CPU.Build.0 = Release|Any CPU
	EndGlobalSection
EndGlobal
