Microsoft Visual Studio Solution File, Format Version 12.00
# Visual Studio Version 17
VisualStudioVersion = 17.5.2.0
MinimumVisualStudioVersion = 10.0.40219.1
Project("{FAE04EC0-301F-11D3-BF4B-00C04F79EFBC}") = "remotedb", "remotedb.csproj", "{D658ED40-F706-1FFF-09E5-D0634FBDA7E5}"
EndProject
Global
	GlobalSection(SolutionConfigurationPlatforms) = preSolution
		Debug|Any CPU = Debug|Any CPU
		Release|Any CPU = Release|Any CPU
	EndGlobalSection
	GlobalSection(ProjectConfigurationPlatforms) = postSolution
		{D658ED40-F706-1FFF-09E5-D0634FBDA7E5}.Debug|Any CPU.ActiveCfg = Debug|Any CPU
		{D658ED40-F706-1FFF-09E5-D0634FBDA7E5}.Debug|Any CPU.Build.0 = Debug|Any CPU
		{D658ED40-F706-1FFF-09E5-D0634FBDA7E5}.Release|Any CPU.ActiveCfg = Release|Any CPU
		{D658ED40-F706-1FFF-09E5-D0634FBDA7E5}.Release|Any CPU.Build.0 = Release|Any CPU
	EndGlobalSection
	GlobalSection(SolutionProperties) = preSolution
		HideSolutionNode = FALSE
	EndGlobalSection
	GlobalSection(ExtensibilityGlobals) = postSolution
		SolutionGuid = {F788A9B8-8361-4921-BD1B-52745755EC26}
	EndGlobalSection
EndGlobal
