Microsoft Visual Studio Solution File, Format Version 12.00
# Visual Studio Version 17
VisualStudioVersion = 17.5.2.0
MinimumVisualStudioVersion = 10.0.40219.1
Project("{FAE04EC0-301F-11D3-BF4B-00C04F79EFBC}") = "ApiPlayground", "ApiPlayground.csproj", "{4933396C-C43C-42E8-E8B3-019B02B5351A}"
EndProject
Global
	GlobalSection(SolutionConfigurationPlatforms) = preSolution
		Debug|Any CPU = Debug|Any CPU
		Release|Any CPU = Release|Any CPU
	EndGlobalSection
	GlobalSection(ProjectConfigurationPlatforms) = postSolution
		{4933396C-C43C-42E8-E8B3-019B02B5351A}.Debug|Any CPU.ActiveCfg = Debug|Any CPU
		{4933396C-C43C-42E8-E8B3-019B02B5351A}.Debug|Any CPU.Build.0 = Debug|Any CPU
		{4933396C-C43C-42E8-E8B3-019B02B5351A}.Release|Any CPU.ActiveCfg = Release|Any CPU
		{4933396C-C43C-42E8-E8B3-019B02B5351A}.Release|Any CPU.Build.0 = Release|Any CPU
	EndGlobalSection
	GlobalSection(SolutionProperties) = preSolution
		HideSolutionNode = FALSE
	EndGlobalSection
	GlobalSection(ExtensibilityGlobals) = postSolution
		SolutionGuid = {8FABDB49-7376-407B-87B3-57010E89B28F}
	EndGlobalSection
EndGlobal
