
Microsoft Visual Studio Solution File, Format Version 12.00
Project("{FAE04EC0-301F-11D3-BF4B-00C04F79EFBC}") = "LegitBank", "LegitBank.csproj", "{9B4E7D8D-A9E3-4BBA-8BDB-A60369EE5BA7}"
EndProject
Global
	GlobalSection(SolutionConfigurationPlatforms) = preSolution
		Debug|Any CPU = Debug|Any CPU
		Release|Any CPU = Release|Any CPU
	EndGlobalSection
	GlobalSection(ProjectConfigurationPlatforms) = postSolution
		{9B4E7D8D-A9E3-4BBA-8BDB-A60369EE5BA7}.Debug|Any CPU.ActiveCfg = Debug|Any CPU
		{9B4E7D8D-A9E3-4BBA-8BDB-A60369EE5BA7}.Debug|Any CPU.Build.0 = Debug|Any CPU
		{9B4E7D8D-A9E3-4BBA-8BDB-A60369EE5BA7}.Release|Any CPU.ActiveCfg = Release|Any CPU
		{9B4E7D8D-A9E3-4BBA-8BDB-A60369EE5BA7}.Release|Any CPU.Build.0 = Release|Any CPU
	EndGlobalSection
EndGlobal
